{
  "name": "WorldClock",
  "lockfileVersion": 3,
  "requires": true,
  "packages": {
    "": {
      "dependencies": {
        "sass-to-js": "^2.0.0"
      }
    },
    "node_modules/sass-to-js": {
      "version": "2.0.0",
      "resolved": "https://registry.npmjs.org/sass-to-js/-/sass-to-js-2.0.0.tgz",
      "integrity": "sha512-LQW4d54Pb57rUG2wM2k/EL/9xm9qyv8up67bkY6oyqSfZ52t0nYaMYH+VoGIudM2nBYAUclAs0kRYwopD9IZ1w=="
    }
  }
}
